{
  "requires": true,
  "lockfileVersion": 1,
  "dependencies": {
    "node": {
      "version": "10.11.0",
      "resolved": "https://registry.npmjs.org/node/-/node-10.11.0.tgz",
      "integrity": "sha512-o7yaIy+OG19dYrmU7zuW1S7/qlrwxbrz+UceTzNMMakCEExC1QWupKZkfn4Xi+s3udyNrUcEKbvLcthzPVCXHw==",
      "requires": {
        "node-bin-setup": "1.0.6"
      }
    },
    "node-bin-setup": {
      "version": "1.0.6",
      "resolved": "https://registry.npmjs.org/node-bin-setup/-/node-bin-setup-1.0.6.tgz",
      "integrity": "sha512-uPIxXNis1CRbv1DwqAxkgBk5NFV3s7cMN/Gf556jSw6jBvV7ca4F9lRL/8cALcZecRibeqU+5dFYqFFmzv5a0Q=="
    },
    "watchman": {
      "version": "1.0.0",
      "resolved": "https://registry.npmjs.org/watchman/-/watchman-1.0.0.tgz",
      "integrity": "sha512-f7sP6DSVQzNUAXIBctvYyJyq6/j/FtWoEn6yh/Ot/E14a3am7JMH0tygWt6iE+T+DT+BNOUAT3hM/gZ7W9Ycmw=="
    }
  }
}
